
Microsoft Visual Studio Solution File, Format Version 12.00
# Visual Studio Version 17
VisualStudioVersion = 17.4.33122.133
MinimumVisualStudioVersion = 10.0.40219.1
Project("{FAE04EC0-301F-11D3-BF4B-00C04F79EFBC}") = "3BOopsConceptPractiseProblem", "3BOopsConceptPractiseProblem\3BOopsConceptPractiseProblem.csproj", "{C51F0298-7E14-4E6E-A68D-283A2B671B33}"
EndProject
Global
	GlobalSection(SolutionConfigurationPlatforms) = preSolution
		Debug|Any CPU = Debug|Any CPU
		Release|Any CPU = Release|Any CPU
	EndGlobalSection
	GlobalSection(ProjectConfigurationPlatforms) = postSolution
		{C51F0298-7E14-4E6E-A68D-283A2B671B33}.Debug|Any CPU.ActiveCfg = Debug|Any CPU
		{C51F0298-7E14-4E6E-A68D-283A2B671B33}.Debug|Any CPU.Build.0 = Debug|Any CPU
		{C51F0298-7E14-4E6E-A68D-283A2B671B33}.Release|Any CPU.ActiveCfg = Release|Any CPU
		{C51F0298-7E14-4E6E-A68D-283A2B671B33}.Release|Any CPU.Build.0 = Release|Any CPU
	EndGlobalSection
	GlobalSection(SolutionProperties) = preSolution
		HideSolutionNode = FALSE
	EndGlobalSection
	GlobalSection(ExtensibilityGlobals) = postSolution
		SolutionGuid = {FAF6F34E-E145-482E-B782-4CB7549D4AB2}
	EndGlobalSection
EndGlobal
